<?xml version="1.0" encoding="utf-8"?>
<Project ToolsVersion="4.0" xmlns="http://schemas.microsoft.com/developer/msbuild/2003">
  <ItemGroup>
    <Filter Include="资源文件">
      <UniqueIdentifier>{67DA6AB6-F800-4c08-8B7A-83BB121AAD01}</UniqueIdentifier>
      <Extensions>rc;ico;cur;bmp;dlg;rc2;rct;bin;rgs;gif;jpg;jpeg;jpe;resx;tiff;tif;png;wav;mfcribbon-ms</Extensions>
    </Filter>
    <Filter Include="Ch1">
      <UniqueIdentifier>{d3f426a6-ded0-4faf-a115-cd0ddb542ffc}</UniqueIdentifier>
    </Filter>
    <Filter Include="Ch1\EasyVK_Header">
      <UniqueIdentifier>{93995380-89BD-4b04-88EB-625FBE52EBFB}</UniqueIdentifier>
      <Extensions>h;hh;hpp;hxx;h++;hm;inl;inc;ipp;xsd</Extensions>
    </Filter>
    <Filter Include="Ch1\EasyVK_HPP">
      <UniqueIdentifier>{ed168a59-58fa-4d1c-a4fd-94ae9ec8d92b}</UniqueIdentifier>
    </Filter>
    <Filter Include="Ch2">
      <UniqueIdentifier>{421c5829-81ab-40dd-9347-d8375714b5fc}</UniqueIdentifier>
    </Filter>
    <Filter Include="Ch2\EasyVK_Header">
      <UniqueIdentifier>{3817ca82-9a0f-4d02-a31d-f9a9ff57c89f}</UniqueIdentifier>
    </Filter>
    <Filter Include="Ch2\EasyVK_HPP">
      <UniqueIdentifier>{44dea720-2029-407d-abdf-ac2d3c2ce755}</UniqueIdentifier>
    </Filter>
    <Filter Include="Ch6">
      <UniqueIdentifier>{d26b3bff-7374-4acd-b1d2-8e3629efc9cb}</UniqueIdentifier>
    </Filter>
    <Filter Include="Ch6\EasyVK_Header">
      <UniqueIdentifier>{aa4b3dbe-2cb4-4265-b0d5-fc3c3c83eb12}</UniqueIdentifier>
    </Filter>
    <Filter Include="Ch6\EasyVK_HPP">
      <UniqueIdentifier>{b2057e12-de8f-4d6d-8789-7aabceeaeab4}</UniqueIdentifier>
    </Filter>
    <Filter Include="Ch7">
      <UniqueIdentifier>{da617415-32e3-47ab-b0d7-7a692ce6e6d3}</UniqueIdentifier>
    </Filter>
    <Filter Include="Ch7\EasyVK_Header">
      <UniqueIdentifier>{9c7c9b39-45fa-4328-97a9-556c80e59649}</UniqueIdentifier>
    </Filter>
    <Filter Include="Ch7\EasyVK_HPP">
      <UniqueIdentifier>{dc167970-900a-487e-abfb-f8ada82ab051}</UniqueIdentifier>
    </Filter>
    <Filter Include="Ch8">
      <UniqueIdentifier>{f34f1733-4520-4bdc-8f19-649d993bb4ac}</UniqueIdentifier>
    </Filter>
    <Filter Include="Ch8\EasyVK_Header">
      <UniqueIdentifier>{a3539d83-d329-4f0d-8efe-05ffc1d4f163}</UniqueIdentifier>
    </Filter>
    <Filter Include="Ch8\EasyVK_HPP">
      <UniqueIdentifier>{fd13ef07-0e74-4de6-b624-6fc437bc368f}</UniqueIdentifier>
    </Filter>
  </ItemGroup>
  <ItemGroup>
    <ClInclude Include="EasyVulkan_Ch1\GlfwGeneral.hpp">
      <Filter>Ch1\EasyVK_HPP</Filter>
    </ClInclude>
    <ClInclude Include="EasyVulkan_Ch1\EasyVKStart.h">
      <Filter>Ch1\EasyVK_Header</Filter>
    </ClInclude>
    <ClInclude Include="EasyVulkan_Ch1\VKBase.h">
      <Filter>Ch1\EasyVK_Header</Filter>
    </ClInclude>
    <ClInclude Include="EasyVulkan_Ch2\EasyVKStart.h">
      <Filter>Ch2\EasyVK_Header</Filter>
    </ClInclude>
    <ClInclude Include="EasyVulkan_Ch2\VKBase+.h">
      <Filter>Ch2\EasyVK_Header</Filter>
    </ClInclude>
    <ClInclude Include="EasyVulkan_Ch2\VKBase.h">
      <Filter>Ch2\EasyVK_Header</Filter>
    </ClInclude>
    <ClInclude Include="EasyVulkan_Ch2\EasyVulkan.hpp">
      <Filter>Ch2\EasyVK_HPP</Filter>
    </ClInclude>
    <ClInclude Include="EasyVulkan_Ch2\GlfwGeneral.hpp">
      <Filter>Ch2\EasyVK_HPP</Filter>
    </ClInclude>
    <ClInclude Include="EasyVulkan_Ch6\EasyVKStart.h">
      <Filter>Ch6\EasyVK_Header</Filter>
    </ClInclude>
    <ClInclude Include="EasyVulkan_Ch6\QueueThread.h">
      <Filter>Ch6\EasyVK_Header</Filter>
    </ClInclude>
    <ClInclude Include="EasyVulkan_Ch6\VKBase+.h">
      <Filter>Ch6\EasyVK_Header</Filter>
    </ClInclude>
    <ClInclude Include="EasyVulkan_Ch6\VKBase.h">
      <Filter>Ch6\EasyVK_Header</Filter>
    </ClInclude>
    <ClInclude Include="EasyVulkan_Ch6\VKFormat.h">
      <Filter>Ch6\EasyVK_Header</Filter>
    </ClInclude>
    <ClInclude Include="EasyVulkan_Ch6\Ch6-1.hpp">
      <Filter>Ch6\EasyVK_HPP</Filter>
    </ClInclude>
    <ClInclude Include="EasyVulkan_Ch6\Ch6-2.hpp">
      <Filter>Ch6\EasyVK_HPP</Filter>
    </ClInclude>
    <ClInclude Include="EasyVulkan_Ch6\Ch6-2_MT.hpp">
      <Filter>Ch6\EasyVK_HPP</Filter>
    </ClInclude>
    <ClInclude Include="EasyVulkan_Ch6\EasyVulkan.hpp">
      <Filter>Ch6\EasyVK_HPP</Filter>
    </ClInclude>
    <ClInclude Include="EasyVulkan_Ch6\GlfwGeneral.hpp">
      <Filter>Ch6\EasyVK_HPP</Filter>
    </ClInclude>
    <ClInclude Include="EasyVulkan_Ch7\EasyVKStart.h">
      <Filter>Ch7\EasyVK_Header</Filter>
    </ClInclude>
    <ClInclude Include="EasyVulkan_Ch7\VKBase+.h">
      <Filter>Ch7\EasyVK_Header</Filter>
    </ClInclude>
    <ClInclude Include="EasyVulkan_Ch7\VKBase.h">
      <Filter>Ch7\EasyVK_Header</Filter>
    </ClInclude>
    <ClInclude Include="EasyVulkan_Ch7\VKFormat.h">
      <Filter>Ch7\EasyVK_Header</Filter>
    </ClInclude>
    <ClInclude Include="EasyVulkan_Ch7\Ch7-1.hpp">
      <Filter>Ch7\EasyVK_HPP</Filter>
    </ClInclude>
    <ClInclude Include="EasyVulkan_Ch7\Ch7-2.hpp">
      <Filter>Ch7\EasyVK_HPP</Filter>
    </ClInclude>
    <ClInclude Include="EasyVulkan_Ch7\Ch7-3.hpp">
      <Filter>Ch7\EasyVK_HPP</Filter>
    </ClInclude>
    <ClInclude Include="EasyVulkan_Ch7\Ch7-4.hpp">
      <Filter>Ch7\EasyVK_HPP</Filter>
    </ClInclude>
    <ClInclude Include="EasyVulkan_Ch7\Ch7-5.hpp">
      <Filter>Ch7\EasyVK_HPP</Filter>
    </ClInclude>
    <ClInclude Include="EasyVulkan_Ch7\Ch7-6.hpp">
      <Filter>Ch7\EasyVK_HPP</Filter>
    </ClInclude>
    <ClInclude Include="EasyVulkan_Ch7\Ch7-7.hpp">
      <Filter>Ch7\EasyVK_HPP</Filter>
    </ClInclude>
    <ClInclude Include="EasyVulkan_Ch7\EasyVulkan.hpp">
      <Filter>Ch7\EasyVK_HPP</Filter>
    </ClInclude>
    <ClInclude Include="EasyVulkan_Ch7\GlfwGeneral.hpp">
      <Filter>Ch7\EasyVK_HPP</Filter>
    </ClInclude>
    <ClInclude Include="EasyVulkan_Ch8\EasyVKStart.h">
      <Filter>Ch8\EasyVK_Header</Filter>
    </ClInclude>
    <ClInclude Include="EasyVulkan_Ch8\VKBase+.h">
      <Filter>Ch8\EasyVK_Header</Filter>
    </ClInclude>
    <ClInclude Include="EasyVulkan_Ch8\VKBase.h">
      <Filter>Ch8\EasyVK_Header</Filter>
    </ClInclude>
    <ClInclude Include="EasyVulkan_Ch8\VKFormat.h">
      <Filter>Ch8\EasyVK_Header</Filter>
    </ClInclude>
    <ClInclude Include="EasyVulkan_Ch8\Ch8-1.hpp">
      <Filter>Ch8\EasyVK_HPP</Filter>
    </ClInclude>
    <ClInclude Include="EasyVulkan_Ch8\Ch8-1_BlameIntel.hpp">
      <Filter>Ch8\EasyVK_HPP</Filter>
    </ClInclude>
    <ClInclude Include="EasyVulkan_Ch8\Ch8-2.hpp">
      <Filter>Ch8\EasyVK_HPP</Filter>
    </ClInclude>
    <ClInclude Include="EasyVulkan_Ch8\EasyVulkan.hpp">
      <Filter>Ch8\EasyVK_HPP</Filter>
    </ClInclude>
    <ClInclude Include="EasyVulkan_Ch8\GlfwGeneral.hpp">
      <Filter>Ch8\EasyVK_HPP</Filter>
    </ClInclude>
    <ClInclude Include="EasyVulkan_Ch8\WinGeneral.hpp">
      <Filter>Ch8\EasyVK_HPP</Filter>
    </ClInclude>
  </ItemGroup>
  <ItemGroup>
    <ClCompile Include="main.cpp" />
  </ItemGroup>
</Project>