<?xml version="1.0" encoding="utf-8"?>
<Project ToolsVersion="4.0" xmlns="http://schemas.microsoft.com/developer/msbuild/2003">
  <ItemGroup>
    <ClInclude Include="EasyVKStart.h">
      <Filter>EasyVK_Header</Filter>
    </ClInclude>
    <ClInclude Include="VKBase.h">
      <Filter>EasyVK_Header</Filter>
    </ClInclude>
    <ClInclude Include="GlfwGeneral.hpp">
      <Filter>EasyVK_HPP</Filter>
    </ClInclude>
    <ClInclude Include="WinGeneral.hpp">
      <Filter>EasyVK_HPP</Filter>
    </ClInclude>
    <ClInclude Include="VKBase+.h">
      <Filter>EasyVK_Header</Filter>
    </ClInclude>
    <ClInclude Include="VKFormat.h">
      <Filter>EasyVK_Header</Filter>
    </ClInclude>
    <ClInclude Include="EasyVulkan.hpp">
      <Filter>EasyVK_HPP</Filter>
    </ClInclude>
    <ClInclude Include="Ch8-1.hpp">
      <Filter>EasyVK_HPP</Filter>
    </ClInclude>
    <ClInclude Include="Ch8-1_BlameIntel.hpp">
      <Filter>EasyVK_HPP</Filter>
    </ClInclude>
  </ItemGroup>
  <ItemGroup>
    <Filter Include="EasyVK_CPP">
      <UniqueIdentifier>{74b99e89-cf51-4b8b-8202-700810c260c5}</UniqueIdentifier>
    </Filter>
    <Filter Include="EasyVK_HPP">
      <UniqueIdentifier>{82cbcfc7-3959-4b91-be23-2b71707caa2d}</UniqueIdentifier>
    </Filter>
    <Filter Include="EasyVK_Header">
      <UniqueIdentifier>{6a1c7acc-d7c5-4172-ae6d-e9e537305a43}</UniqueIdentifier>
    </Filter>
  </ItemGroup>
  <ItemGroup>
    <ClCompile Include="main.cpp">
      <Filter>EasyVK_CPP</Filter>
    </ClCompile>
  </ItemGroup>
</Project>